
Microsoft Visual Studio Solution File, Format Version 12.00
# Visual Studio Version 17
VisualStudioVersion = 17.0.31903.59
MinimumVisualStudioVersion = 10.0.40219.1
Project("{2150E333-8FDC-42A3-9474-1A3956D46DE8}") = "Bootstrapper", "Bootstrapper", "{06D03AE4-554C-49DF-8F5D-FC563133E9C5}"
EndProject
Project("{FAE04EC0-301F-11D3-BF4B-00C04F79EFBC}") = "Api", "Bootstrapper\Api\Api.csproj", "{20DDC1A2-700E-4946-B7A5-2ABAB4A07890}"
EndProject
Project("{2150E333-8FDC-42A3-9474-1A3956D46DE8}") = "Modules", "Modules", "{E9EFF693-C1C4-4FB6-BD64-9303AD3723C0}"
EndProject
Project("{2150E333-8FDC-42A3-9474-1A3956D46DE8}") = "Basket", "Basket", "{6749E33C-0256-47C6-A830-38EBF1D23E33}"
EndProject
Project("{FAE04EC0-301F-11D3-BF4B-00C04F79EFBC}") = "Basket", "Modules\Basket\Basket\Basket.csproj", "{E7C207EC-0FA6-41F5-B58B-442566B4D984}"
EndProject
Project("{2150E333-8FDC-42A3-9474-1A3956D46DE8}") = "Catalog", "Catalog", "{4F3D2AFC-6F61-4CF5-8ECA-6C85B680E6A5}"
EndProject
Project("{FAE04EC0-301F-11D3-BF4B-00C04F79EFBC}") = "Catalog", "Modules\Catalog\Catalog\Catalog.csproj", "{9382ACED-4CDA-4D94-8F20-B3CBA6A5A6F0}"
EndProject
Project("{FAE04EC0-301F-11D3-BF4B-00C04F79EFBC}") = "Catalog.Contracts", "Modules\Catalog\Catalog.Contracts\Catalog.Contracts.csproj", "{66F4ED5D-C6DD-4EFE-B82B-57B67992AB33}"
EndProject
Project("{2150E333-8FDC-42A3-9474-1A3956D46DE8}") = "Oredering", "Oredering", "{7501B2D9-8639-4D82-BCE5-D84377B805CA}"
EndProject
Project("{FAE04EC0-301F-11D3-BF4B-00C04F79EFBC}") = "Odering", "Modules\Oredering\Odering\Odering.csproj", "{68BA6DDD-108F-436B-A708-AAF60BB30499}"
EndProject
Project("{2150E333-8FDC-42A3-9474-1A3956D46DE8}") = "Shared", "Shared", "{1578676A-4FCD-49A4-B685-B71AD3955ED6}"
EndProject
Project("{FAE04EC0-301F-11D3-BF4B-00C04F79EFBC}") = "Shared", "Shared\Shared\Shared.csproj", "{A0A55D28-4057-4010-8066-4CC915190FDC}"
EndProject
Project("{FAE04EC0-301F-11D3-BF4B-00C04F79EFBC}") = "Shared.Contracts", "Shared\Shared.Contracts\Shared.Contracts.csproj", "{613EF187-8461-4110-B102-BB9133FFE72B}"
EndProject
Project("{FAE04EC0-301F-11D3-BF4B-00C04F79EFBC}") = "Shared.Messaging", "Shared\Shared.Messaging\Shared.Messaging.csproj", "{771185BF-9C2D-40C7-B902-5B1817DB64CD}"
EndProject
Project("{E53339B2-1760-4266-BCC7-CA923CBCF16C}") = "docker-compose", "docker-compose.dcproj", "{81DDED9D-158B-E303-5F62-77A2896D2A5A}"
EndProject
Global
	GlobalSection(SolutionConfigurationPlatforms) = preSolution
		Debug|Any CPU = Debug|Any CPU
		Release|Any CPU = Release|Any CPU
	EndGlobalSection
	GlobalSection(ProjectConfigurationPlatforms) = postSolution
		{20DDC1A2-700E-4946-B7A5-2ABAB4A07890}.Debug|Any CPU.ActiveCfg = Debug|Any CPU
		{20DDC1A2-700E-4946-B7A5-2ABAB4A07890}.Debug|Any CPU.Build.0 = Debug|Any CPU
		{20DDC1A2-700E-4946-B7A5-2ABAB4A07890}.Release|Any CPU.ActiveCfg = Release|Any CPU
		{20DDC1A2-700E-4946-B7A5-2ABAB4A07890}.Release|Any CPU.Build.0 = Release|Any CPU
		{E7C207EC-0FA6-41F5-B58B-442566B4D984}.Debug|Any CPU.ActiveCfg = Debug|Any CPU
		{E7C207EC-0FA6-41F5-B58B-442566B4D984}.Debug|Any CPU.Build.0 = Debug|Any CPU
		{E7C207EC-0FA6-41F5-B58B-442566B4D984}.Release|Any CPU.ActiveCfg = Release|Any CPU
		{E7C207EC-0FA6-41F5-B58B-442566B4D984}.Release|Any CPU.Build.0 = Release|Any CPU
		{9382ACED-4CDA-4D94-8F20-B3CBA6A5A6F0}.Debug|Any CPU.ActiveCfg = Debug|Any CPU
		{9382ACED-4CDA-4D94-8F20-B3CBA6A5A6F0}.Debug|Any CPU.Build.0 = Debug|Any CPU
		{9382ACED-4CDA-4D94-8F20-B3CBA6A5A6F0}.Release|Any CPU.ActiveCfg = Release|Any CPU
		{9382ACED-4CDA-4D94-8F20-B3CBA6A5A6F0}.Release|Any CPU.Build.0 = Release|Any CPU
		{66F4ED5D-C6DD-4EFE-B82B-57B67992AB33}.Debug|Any CPU.ActiveCfg = Debug|Any CPU
		{66F4ED5D-C6DD-4EFE-B82B-57B67992AB33}.Debug|Any CPU.Build.0 = Debug|Any CPU
		{66F4ED5D-C6DD-4EFE-B82B-57B67992AB33}.Release|Any CPU.ActiveCfg = Release|Any CPU
		{66F4ED5D-C6DD-4EFE-B82B-57B67992AB33}.Release|Any CPU.Build.0 = Release|Any CPU
		{68BA6DDD-108F-436B-A708-AAF60BB30499}.Debug|Any CPU.ActiveCfg = Debug|Any CPU
		{68BA6DDD-108F-436B-A708-AAF60BB30499}.Debug|Any CPU.Build.0 = Debug|Any CPU
		{68BA6DDD-108F-436B-A708-AAF60BB30499}.Release|Any CPU.ActiveCfg = Release|Any CPU
		{68BA6DDD-108F-436B-A708-AAF60BB30499}.Release|Any CPU.Build.0 = Release|Any CPU
		{A0A55D28-4057-4010-8066-4CC915190FDC}.Debug|Any CPU.ActiveCfg = Debug|Any CPU
		{A0A55D28-4057-4010-8066-4CC915190FDC}.Debug|Any CPU.Build.0 = Debug|Any CPU
		{A0A55D28-4057-4010-8066-4CC915190FDC}.Release|Any CPU.ActiveCfg = Release|Any CPU
		{A0A55D28-4057-4010-8066-4CC915190FDC}.Release|Any CPU.Build.0 = Release|Any CPU
		{613EF187-8461-4110-B102-BB9133FFE72B}.Debug|Any CPU.ActiveCfg = Debug|Any CPU
		{613EF187-8461-4110-B102-BB9133FFE72B}.Debug|Any CPU.Build.0 = Debug|Any CPU
		{613EF187-8461-4110-B102-BB9133FFE72B}.Release|Any CPU.ActiveCfg = Release|Any CPU
		{613EF187-8461-4110-B102-BB9133FFE72B}.Release|Any CPU.Build.0 = Release|Any CPU
		{771185BF-9C2D-40C7-B902-5B1817DB64CD}.Debug|Any CPU.ActiveCfg = Debug|Any CPU
		{771185BF-9C2D-40C7-B902-5B1817DB64CD}.Debug|Any CPU.Build.0 = Debug|Any CPU
		{771185BF-9C2D-40C7-B902-5B1817DB64CD}.Release|Any CPU.ActiveCfg = Release|Any CPU
		{771185BF-9C2D-40C7-B902-5B1817DB64CD}.Release|Any CPU.Build.0 = Release|Any CPU
		{81DDED9D-158B-E303-5F62-77A2896D2A5A}.Debug|Any CPU.ActiveCfg = Debug|Any CPU
		{81DDED9D-158B-E303-5F62-77A2896D2A5A}.Debug|Any CPU.Build.0 = Debug|Any CPU
		{81DDED9D-158B-E303-5F62-77A2896D2A5A}.Release|Any CPU.ActiveCfg = Release|Any CPU
		{81DDED9D-158B-E303-5F62-77A2896D2A5A}.Release|Any CPU.Build.0 = Release|Any CPU
	EndGlobalSection
	GlobalSection(SolutionProperties) = preSolution
		HideSolutionNode = FALSE
	EndGlobalSection
	GlobalSection(NestedProjects) = preSolution
		{20DDC1A2-700E-4946-B7A5-2ABAB4A07890} = {06D03AE4-554C-49DF-8F5D-FC563133E9C5}
		{6749E33C-0256-47C6-A830-38EBF1D23E33} = {E9EFF693-C1C4-4FB6-BD64-9303AD3723C0}
		{E7C207EC-0FA6-41F5-B58B-442566B4D984} = {6749E33C-0256-47C6-A830-38EBF1D23E33}
		{4F3D2AFC-6F61-4CF5-8ECA-6C85B680E6A5} = {E9EFF693-C1C4-4FB6-BD64-9303AD3723C0}
		{9382ACED-4CDA-4D94-8F20-B3CBA6A5A6F0} = {4F3D2AFC-6F61-4CF5-8ECA-6C85B680E6A5}
		{66F4ED5D-C6DD-4EFE-B82B-57B67992AB33} = {4F3D2AFC-6F61-4CF5-8ECA-6C85B680E6A5}
		{7501B2D9-8639-4D82-BCE5-D84377B805CA} = {E9EFF693-C1C4-4FB6-BD64-9303AD3723C0}
		{68BA6DDD-108F-436B-A708-AAF60BB30499} = {7501B2D9-8639-4D82-BCE5-D84377B805CA}
		{A0A55D28-4057-4010-8066-4CC915190FDC} = {1578676A-4FCD-49A4-B685-B71AD3955ED6}
		{613EF187-8461-4110-B102-BB9133FFE72B} = {1578676A-4FCD-49A4-B685-B71AD3955ED6}
		{771185BF-9C2D-40C7-B902-5B1817DB64CD} = {1578676A-4FCD-49A4-B685-B71AD3955ED6}
	EndGlobalSection
	GlobalSection(ExtensibilityGlobals) = postSolution
		SolutionGuid = {17844F0A-558E-4CB9-BA2F-E5125049D02C}
	EndGlobalSection
EndGlobal
